// !$*UTF8*$!
{
	archiveVersion = 1;
	classes = {
	};
	objectVersion = 46;
	objects = {
		D7BE36ACC8217D205E823F50 = {
			isa = PBXBuildFile;
			fileRef = 744175FEAFFCAFC1D9E95056;
		};
		9A0979E91E950960E3C016F3 = {
			isa = PBXBuildFile;
			fileRef = 0D60E334C239C2E6E71FA16A;
		};
		3E268D7AE1CE0D683B7A4C94 = {
			isa = PBXBuildFile;
			fileRef = AAA796F4B8245068D7020327;
		};
		58F83719FE4BEABAF13A5855 = {
			isa = PBXBuildFile;
			fileRef = 60AEDDE55EF20E1B894B8ABE;
		};
		2D2CEFA3395F9BA3D133365D = {
			isa = PBXBuildFile;
			fileRef = CACDB4631ADC2FA339529344;
		};
		251FFD70B03D36073698C042 = {
			isa = PBXBuildFile;
			fileRef = 5C03D968AD9DB57BF67B0242;
		};
		1496672DF262C6A6B2F1EDAB = {
			isa = PBXBuildFile;
			fileRef = BFFBB68E8A95FAC2246B1037;
		};
		DC234C8DDAB79E6F315374C2 = {
			isa = PBXBuildFile;
			fileRef = D5AD8BFF9E502FDE20900136;
		};
		EEC6E8851F4661AC28C9F2AE = {
			isa = PBXBuildFile;
			fileRef = 4898AFBBB366FB698A139798;
		};
		05AB5C3170701B64BC5A0745 = {
			isa = PBXBuildFile;
			fileRef = 23B9B44BA27D5FE8862B11B4;
		};
		E20D9DE2A5850EFD557A5647 = {
			isa = PBXBuildFile;
			fileRef = FA191F3548729BF92FF23561;
		};
		40266106C0B6F0E314128251 = {
			isa = PBXBuildFile;
			fileRef = 5B7EB0D4E3D07C12D3D49A0F;
		};
		DE3D4DE79179DA9933B7F119 = {
			isa = PBXBuildFile;
			fileRef = F519437A4FA86DD7E561DE62;
		};
		44FE15B6103D3E572AB182AF = {
			isa = PBXBuildFile;
			fileRef = D29DBDD0BE660694E4C25FA9;
		};
		0EA1D40B1052CDA30E01BD84 = {
			isa = PBXBuildFile;
			fileRef = C8E00225D370B2D366DFD4A3;
		};
		A45E9FD808367E9704B2C447 = {
			isa = PBXBuildFile;
			fileRef = 9DBECC7B0DCE0313C44DAA7D;
		};
		65364E045C68A141BC793F5C = {
			isa = PBXBuildFile;
			fileRef = 5B4D1E546A30353936C639C8;
		};
		D5AF6770D3D11099EEAE9C81 = {
			isa = PBXBuildFile;
			fileRef = 4C4736D39406D072C85727CB;
		};
		37C7822D9CE30AE84B230B1C = {
			isa = PBXBuildFile;
			fileRef = AB63C97C9E50FF89BC1F66F4;
		};
		BB43FEDCDB6B6020BFAA1352 = {
			isa = PBXBuildFile;
			fileRef = 2C1080061E9CEB94F3C2BA17;
		};
		D4D18A4D793EE6C22C319A7A = {
			isa = PBXBuildFile;
			fileRef = 32E3246B520CE041E5FCEC2B;
		};
		1FDE52258D6888569C4202EC = {
			isa = PBXBuildFile;
			fileRef = 3FE5548CC625ECE7A6680FC5;
		};
		FF7D7932DB7F02022D71976A = {
			isa = PBXBuildFile;
			fileRef = 47E77719006A0CF405BB5D7D;
		};
		72A34217AAC9D7AF8074BB28 = {
			isa = PBXBuildFile;
			fileRef = 38543FA801DB684660A7AAC1;
		};
		50414CEE4BFCB7B5D120B6E7 = {
			isa = PBXBuildFile;
			fileRef = FC826DF21A835B9D40D821F7;
		};
		FBC80F049ED1AC46FC06E007 = {
			isa = PBXBuildFile;
			fileRef = 2DC7C1FD7C61277D28A2AB44;
		};
		D02AEAC1CA53D4B40DCDA55C = {
			isa = PBXBuildFile;
			fileRef = E1E2CD6A48F3BB72D842A6D7;
		};
		4AFAED01192B9F29905B9306 = {
			isa = PBXBuildFile;
			fileRef = EEBDD9C3448DD069B4311847;
		};
		B927AE6707285FA13639D396 = {
			isa = PBXBuildFile;
			fileRef = 7864D27328E3063E549091D9;
		};
		56F492D3A21B81C5F6B18784 = {
			isa = PBXBuildFile;
			fileRef = C27F3E3FAC9C8DE460055C91;
		};
		FE02D9E6048C6C631B4048CA = {
			isa = PBXBuildFile;
			fileRef = 5A3347BB908A2753358DCB40;
		};
		882E8927C8A177A0A2B424A0 = {
			isa = PBXBuildFile;
			fileRef = 19F1FAB68DE99619EC20F955;
		};
		E6207BE6311D28D79B27BEAC = {
			isa = PBXBuildFile;
			fileRef = 662C8067DCBF1A400C0DB542;
		};
		53E303F4DE725A90D977155B = {
			isa = PBXBuildFile;
			fileRef = FAC9BBAD28CB1F8F5DC934CE;
		};
		4944DC6FD34A286E3FCF2EF6 = {
			isa = PBXBuildFile;
			fileRef = 72314AF8FC87AF5CC713E2B9;
		};
		7A47D06764300E6E440E19B6 = {
			isa = PBXBuildFile;
			fileRef = EB94B50149D340571A8D87D8;
		};
		5B8891DFB1FC8181F0F9E98B = {
			isa = PBXBuildFile;
			fileRef = 7D29892CCA9F71CEC9BDB06F;
		};
		B3408DE9B256123D05E8332B = {
			isa = PBXBuildFile;
			fileRef = 01E8EDF7C9943F3E56309929;
		};
		6A7F23BEC288A1807FBC36FB = {
			isa = PBXBuildFile;
			fileRef = 478294D8DEA6F34862D18E08;
		};
		A7D5303993B85B3C34B98B89 = {
			isa = PBXBuildFile;
			fileRef = D267DDA2FB3E55A46E19E74C;
		};
		AE224366F0AAC50723B217EE = {
			isa = PBXBuildFile;
			fileRef = B79DA1BD7E91CFA425FF3915;
		};
		F1810D6A8848626BA94EC996 = {
			isa = PBXBuildFile;
			fileRef = 7E788C5962892B446A749C1A;
		};
		987F7CA343B869E4054BA187 = {
			isa = PBXBuildFile;
			fileRef = FE3BA082CC760425A259C7A5;
		};
		9258EF2B9317A239FBF2351E = {
			isa = PBXBuildFile;
			fileRef = F87FB855BFD3BDE070BABB3A;
		};
		74EC27F9DFE3A77A651A3069 = {
			isa = PBXBuildFile;
			fileRef = 13CEAA5CDA3AD1FA12EED383;
		};
		012740505E2890173337DC75 = {
			isa = PBXFileReference;
			lastKnownFileType = file.wav;
			name = "16azi_60,0_ele_60,0.wav";
			path = "../../HRIR/16azi_60,0_ele_60,0.wav";
			sourceTree = "SOURCE_ROOT";
		};
		01E8EDF7C9943F3E56309929 = {
			isa = PBXFileReference;
			lastKnownFileType = sourcecode.cpp.objcpp;
			name = "include_juce_cryptography.mm";
			path = "../../JuceLibraryCode/include_juce_cryptography.mm";
			sourceTree = "SOURCE_ROOT";
		};
		0538BE45E4C66BA84AEEF78A = {
			isa = PBXFileReference;
			lastKnownFileType = file.wav;
			name = "51azi_270,0_ele_60,0.wav";
			path = "../../HRIR/51azi_270,0_ele_60,0.wav";
			sourceTree = "SOURCE_ROOT";
		};
		061DE272F26B53C2409E6D1C = {
			isa = PBXFileReference;
			lastKnownFileType = text.plist.xml;
			name = "Info-Standalone_Plugin.plist";
			path = "Info-Standalone_Plugin.plist";
			sourceTree = "SOURCE_ROOT";
		};
		08886B51C80D5685CE130156 = {
			isa = PBXFileReference;
			lastKnownFileType = file.wav;
			name = "31azi_150,0_ele_60,0.wav";
			path = "../../HRIR/31azi_150,0_ele_60,0.wav";
			sourceTree = "SOURCE_ROOT";
		};
		0BE67BAFE64A36D39EE17652 = {
			isa = PBXFileReference;
			lastKnownFileType = file;
			name = "juce_audio_processors";
			path = "/Applications/JUCE/modules/juce_audio_processors";
			sourceTree = "<absolute>";
		};
		11802E0E1427991B4167342A = {
			isa = PBXFileReference;
			lastKnownFileType = sourcecode.c.h;
			name = AppConfig.h;
			path = ../../JuceLibraryCode/AppConfig.h;
			sourceTree = "SOURCE_ROOT";
		};
		13CEAA5CDA3AD1FA12EED383 = {
			isa = PBXFileReference;
			lastKnownFileType = sourcecode.cpp.objcpp;
			name = "include_juce_opengl.mm";
			path = "../../JuceLibraryCode/include_juce_opengl.mm";
			sourceTree = "SOURCE_ROOT";
		};
		14A1A2FEBBE4B2CF7B6DFFA4 = {
			isa = PBXFileReference;
			lastKnownFileType = file;
			name = "juce_audio_devices";
			path = "/Applications/JUCE/modules/juce_audio_devices";
			sourceTree = "<absolute>";
		};
		153667CDAE95DA8436240191 = {
			isa = PBXFileReference;
			lastKnownFileType = file.wav;
			name = "15azi_60,0_ele_30,0.wav";
			path = "../../HRIR/15azi_60,0_ele_30,0.wav";
			sourceTree = "SOURCE_ROOT";
		};
		15D0EE0C8585D91D5F9A8E30 = {
			isa = PBXFileReference;
			lastKnownFileType = file.wav;
			name = "57azi_330,0_ele_-30,0.wav";
			path = "../../HRIR/57azi_330,0_ele_-30,0.wav";
			sourceTree = "SOURCE_ROOT";
		};
		197B3007AA686823A78A52B5 = {
			isa = PBXFileReference;
			lastKnownFileType = file.wav;
			name = "38azi_210,0_ele_-60,0.wav";
			path = "../../HRIR/38azi_210,0_ele_-60,0.wav";
			sourceTree = "SOURCE_ROOT";
		};
		19F1FAB68DE99619EC20F955 = {
			isa = PBXFileReference;
			lastKnownFileType = sourcecode.cpp.cpp;
			name = "include_juce_audio_plugin_client_utils.cpp";
			path = "../../JuceLibraryCode/include_juce_audio_plugin_client_utils.cpp";
			sourceTree = "SOURCE_ROOT";
		};
		1C3B4341DEBB19DD4EE185EF = {
			isa = PBXFileReference;
			lastKnownFileType = file.wav;
			name = "32azi_180,0_ele_-30,0.wav";
			path = "../../HRIR/32azi_180,0_ele_-30,0.wav";
			sourceTree = "SOURCE_ROOT";
		};
		744175FEAFFCAFC1D9E95056 = {
			isa = PBXFileReference;
			explicitFileType = wrapper.cfbundle;
			includeInIndex = 0;
			path = DAFXBinauralPhaseVocoder.vst3;
			sourceTree = "BUILT_PRODUCTS_DIR";
		};
		0D60E334C239C2E6E71FA16A = {
			isa = PBXFileReference;
			explicitFileType = wrapper.cfbundle;
			includeInIndex = 0;
			path = DAFXBinauralPhaseVocoder.component;
			sourceTree = "BUILT_PRODUCTS_DIR";
		};
		154BDD661E5CC4089A7D8EF7 = {
			isa = PBXFileReference;
			lastKnownFileType = text.plist.xml;
			name = "Info-VST3.plist";
			path = "Info-VST3.plist";
			sourceTree = "SOURCE_ROOT";
		};
		1CE377AC32EADAE893D216D9 = {
			isa = PBXFileReference;
			lastKnownFileType = file.wav;
			name = "1azi_0,0_ele_-60,0.wav";
			path = "../../HRIR/1azi_0,0_ele_-60,0.wav";
			sourceTree = "SOURCE_ROOT";
		};
		1E3CBF0A04A1EC9B3DF7355E = {
			isa = PBXFileReference;
			lastKnownFileType = file.wav;
			name = "49azi_270,0_ele_0,0.wav";
			path = "../../HRIR/49azi_270,0_ele_0,0.wav";
			sourceTree = "SOURCE_ROOT";
		};
		1FA9B1558041919A21295B3E = {
			isa = PBXFileReference;
			lastKnownFileType = file.wav;
			name = "58azi_330,0_ele_-60,0.wav";
			path = "../../HRIR/58azi_330,0_ele_-60,0.wav";
			sourceTree = "SOURCE_ROOT";
		};
		23B9B44BA27D5FE8862B11B4 = {
			isa = PBXFileReference;
			lastKnownFileType = wrapper.framework;
			name = CoreAudio.framework;
			path = System/Library/Frameworks/CoreAudio.framework;
			sourceTree = SDKROOT;
		};
		2467C6CCEF59C368E970C5C0 = {
			isa = PBXFileReference;
			lastKnownFileType = sourcecode.c.h;
			name = IRCrossfade.h;
			path = ../../Source/IRCrossfade.h;
			sourceTree = "SOURCE_ROOT";
		};
		2737DC73F0FE81C8E1E094A1 = {
			isa = PBXFileReference;
			lastKnownFileType = file.wav;
			name = "8azi_30,0_ele_-60,0.wav";
			path = "../../HRIR/8azi_30,0_ele_-60,0.wav";
			sourceTree = "SOURCE_ROOT";
		};
		2C1080061E9CEB94F3C2BA17 = {
			isa = PBXFileReference;
			lastKnownFileType = sourcecode.cpp.cpp;
			name = IRCrossfade.cpp;
			path = ../../Source/IRCrossfade.cpp;
			sourceTree = "SOURCE_ROOT";
		};
		2C871AE47E85F7CF95D78BC7 = {
			isa = PBXFileReference;
			lastKnownFileType = file.wav;
			name = "19azi_90,0_ele_0,0.wav";
			path = "../../HRIR/19azi_90,0_ele_0,0.wav";
			sourceTree = "SOURCE_ROOT";
		};
		2DC7C1FD7C61277D28A2AB44 = {
			isa = PBXFileReference;
			lastKnownFileType = sourcecode.cpp.objcpp;
			name = "include_juce_audio_devices.mm";
			path = "../../JuceLibraryCode/include_juce_audio_devices.mm";
			sourceTree = "SOURCE_ROOT";
		};
		2F9BDEAEC7CA8C339FBCBDE4 = {
			isa = PBXFileReference;
			lastKnownFileType = file.wav;
			name = "44azi_240,0_ele_0,0.wav";
			path = "../../HRIR/44azi_240,0_ele_0,0.wav";
			sourceTree = "SOURCE_ROOT";
		};
		31A9E39D5C5FD67DB2A56D97 = {
			isa = PBXFileReference;
			lastKnownFileType = file.wav;
			name = "33azi_180,0_ele_-60,0.wav";
			path = "../../HRIR/33azi_180,0_ele_-60,0.wav";
			sourceTree = "SOURCE_ROOT";
		};
		3205E940A2728CED8FA99DA1 = {
			isa = PBXFileReference;
			lastKnownFileType = file.wav;
			name = "22azi_120,0_ele_-30,0.wav";
			path = "../../HRIR/22azi_120,0_ele_-30,0.wav";
			sourceTree = "SOURCE_ROOT";
		};
		32E3246B520CE041E5FCEC2B = {
			isa = PBXFileReference;
			lastKnownFileType = sourcecode.cpp.cpp;
			name = StateMachine.cpp;
			path = ../../Source/StateMachine.cpp;
			sourceTree = "SOURCE_ROOT";
		};
		36BFF0F66754BEC6F211EE64 = {
			isa = PBXFileReference;
			lastKnownFileType = file.wav;
			name = "34azi_180,0_ele_0,0.wav";
			path = "../../HRIR/34azi_180,0_ele_0,0.wav";
			sourceTree = "SOURCE_ROOT";
		};
		38543FA801DB684660A7AAC1 = {
			isa = PBXFileReference;
			lastKnownFileType = sourcecode.cpp.cpp;
			name = BinaryData.cpp;
			path = ../../JuceLibraryCode/BinaryData.cpp;
			sourceTree = "SOURCE_ROOT";
		};
		3FE5548CC625ECE7A6680FC5 = {
			isa = PBXFileReference;
			lastKnownFileType = sourcecode.cpp.cpp;
			name = PluginProcessor.cpp;
			path = ../../Source/PluginProcessor.cpp;
			sourceTree = "SOURCE_ROOT";
		};
		4019EB6032868BDF1556EEB0 = {
			isa = PBXFileReference;
			lastKnownFileType = file.wav;
			name = "24azi_120,0_ele_0,0.wav";
			path = "../../HRIR/24azi_120,0_ele_0,0.wav";
			sourceTree = "SOURCE_ROOT";
		};
		42817D9ED4FF3E7E893D0AD6 = {
			isa = PBXFileReference;
			lastKnownFileType = file.wav;
			name = "14azi_60,0_ele_0,0.wav";
			path = "../../HRIR/14azi_60,0_ele_0,0.wav";
			sourceTree = "SOURCE_ROOT";
		};
		478294D8DEA6F34862D18E08 = {
			isa = PBXFileReference;
			lastKnownFileType = sourcecode.cpp.objcpp;
			name = "include_juce_data_structures.mm";
			path = "../../JuceLibraryCode/include_juce_data_structures.mm";
			sourceTree = "SOURCE_ROOT";
		};
		47E77719006A0CF405BB5D7D = {
			isa = PBXFileReference;
			lastKnownFileType = sourcecode.cpp.cpp;
			name = PluginEditor.cpp;
			path = ../../Source/PluginEditor.cpp;
			sourceTree = "SOURCE_ROOT";
		};
		4898AFBBB366FB698A139798 = {
			isa = PBXFileReference;
			lastKnownFileType = wrapper.framework;
			name = Cocoa.framework;
			path = System/Library/Frameworks/Cocoa.framework;
			sourceTree = SDKROOT;
		};
		49B61EFFBA49B2F8512CBB05 = {
			isa = PBXFileReference;
			lastKnownFileType = file;
			name = "juce_audio_plugin_client";
			path = "/Applications/JUCE/modules/juce_audio_plugin_client";
			sourceTree = "<absolute>";
		};
		4B26B50D2E811D31AC81EFFD = {
			isa = PBXFileReference;
			lastKnownFileType = file.wav;
			name = "17azi_90,0_ele_-30,0.wav";
			path = "../../HRIR/17azi_90,0_ele_-30,0.wav";
			sourceTree = "SOURCE_ROOT";
		};
		4C4736D39406D072C85727CB = {
			isa = PBXFileReference;
			lastKnownFileType = file.nib;
			name = RecentFilesMenuTemplate.nib;
			path = RecentFilesMenuTemplate.nib;
			sourceTree = "SOURCE_ROOT";
		};
		4D0851F365BE7E4B0C50D35A = {
			isa = PBXFileReference;
			lastKnownFileType = file;
			name = "juce_opengl";
			path = "/Applications/JUCE/modules/juce_opengl";
			sourceTree = "<absolute>";
		};
		4DB0A169D4270E2087DAB61C = {
			isa = PBXFileReference;
			lastKnownFileType = file;
			name = "juce_gui_extra";
			path = "/Applications/JUCE/modules/juce_gui_extra";
			sourceTree = "<absolute>";
		};
		4DBE259655C9A917CFA58E99 = {
			isa = PBXFileReference;
			lastKnownFileType = file.wav;
			name = "59azi_330,0_ele_0,0.wav";
			path = "../../HRIR/59azi_330,0_ele_0,0.wav";
			sourceTree = "SOURCE_ROOT";
		};
		4EE04B976CA6D728B0E9A67B = {
			isa = PBXFileReference;
			lastKnownFileType = file;
			name = "juce_audio_basics";
			path = "/Applications/JUCE/modules/juce_audio_basics";
			sourceTree = "<absolute>";
		};
		52A9BE7DCAF2558851B27754 = {
			isa = PBXFileReference;
			lastKnownFileType = sourcecode.c.h;
			name = StateMachine.h;
			path = ../../Source/StateMachine.h;
			sourceTree = "SOURCE_ROOT";
		};
		53294628A6C2CDCF49D39B2C = {
			isa = PBXFileReference;
			lastKnownFileType = file;
			name = "juce_dsp";
			path = "/Applications/JUCE/modules/juce_dsp";
			sourceTree = "<absolute>";
		};
		540096406F2642457929E244 = {
			isa = PBXFileReference;
			lastKnownFileType = file.wav;
			name = "13azi_60,0_ele_-60,0.wav";
			path = "../../HRIR/13azi_60,0_ele_-60,0.wav";
			sourceTree = "SOURCE_ROOT";
		};
		57F2AACF20754881420543E0 = {
			isa = PBXFileReference;
			lastKnownFileType = sourcecode.c.h;
			name = PluginEditor.h;
			path = ../../Source/PluginEditor.h;
			sourceTree = "SOURCE_ROOT";
		};
		5A3347BB908A2753358DCB40 = {
			isa = PBXFileReference;
			lastKnownFileType = sourcecode.cpp.cpp;
			name = "include_juce_audio_plugin_client_Standalone.cpp";
			path = "../../JuceLibraryCode/include_juce_audio_plugin_client_Standalone.cpp";
			sourceTree = "SOURCE_ROOT";
		};
		5A99E0F098CB5CDD89885CE3 = {
			isa = PBXFileReference;
			lastKnownFileType = file;
			name = "juce_cryptography";
			path = "/Applications/JUCE/modules/juce_cryptography";
			sourceTree = "<absolute>";
		};
		5B4D1E546A30353936C639C8 = {
			isa = PBXFileReference;
			lastKnownFileType = wrapper.framework;
			name = WebKit.framework;
			path = System/Library/Frameworks/WebKit.framework;
			sourceTree = SDKROOT;
		};
		5B7EB0D4E3D07C12D3D49A0F = {
			isa = PBXFileReference;
			lastKnownFileType = wrapper.framework;
			name = CoreMIDI.framework;
			path = System/Library/Frameworks/CoreMIDI.framework;
			sourceTree = SDKROOT;
		};
		5C03D968AD9DB57BF67B0242 = {
			isa = PBXFileReference;
			lastKnownFileType = wrapper.framework;
			name = Accelerate.framework;
			path = System/Library/Frameworks/Accelerate.framework;
			sourceTree = SDKROOT;
		};
		5C74535F3044C15F5BCF4E05 = {
			isa = PBXFileReference;
			lastKnownFileType = file.wav;
			name = "60azi_330,0_ele_30,0.wav";
			path = "../../HRIR/60azi_330,0_ele_30,0.wav";
			sourceTree = "SOURCE_ROOT";
		};
		5D05008CB3B33C56B2E196A6 = {
			isa = PBXFileReference;
			lastKnownFileType = file.wav;
			name = "20azi_90,0_ele_30,0.wav";
			path = "../../HRIR/20azi_90,0_ele_30,0.wav";
			sourceTree = "SOURCE_ROOT";
		};
		5ECA03CE059D23D483950015 = {
			isa = PBXFileReference;
			lastKnownFileType = file.wav;
			name = "6azi_0,0_ele_90,0.wav";
			path = "../../HRIR/6azi_0,0_ele_90,0.wav";
			sourceTree = "SOURCE_ROOT";
		};
		6010C4D5A3A99C1272FBA15F = {
			isa = PBXFileReference;
			lastKnownFileType = file.wav;
			name = "2azi_0,0_ele_-90,0.wav";
			path = "../../HRIR/2azi_0,0_ele_-90,0.wav";
			sourceTree = "SOURCE_ROOT";
		};
		603213A03EF725CDCC0E68A0 = {
			isa = PBXFileReference;
			lastKnownFileType = file.wav;
			name = "11azi_30,0_ele_60,0.wav";
			path = "../../HRIR/11azi_30,0_ele_60,0.wav";
			sourceTree = "SOURCE_ROOT";
		};
		6162D0DB6E711A462EBCBCE9 = {
			isa = PBXFileReference;
			lastKnownFileType = file.wav;
			name = "46azi_240,0_ele_60,0.wav";
			path = "../../HRIR/46azi_240,0_ele_60,0.wav";
			sourceTree = "SOURCE_ROOT";
		};
		634B4C0A0D3D733B498BF15E = {
			isa = PBXFileReference;
			lastKnownFileType = file;
			name = "juce_core";
			path = "/Applications/JUCE/modules/juce_core";
			sourceTree = "<absolute>";
		};
		662C8067DCBF1A400C0DB542 = {
			isa = PBXFileReference;
			lastKnownFileType = sourcecode.cpp.objcpp;
			name = "include_juce_audio_plugin_client_VST_utils.mm";
			path = "../../JuceLibraryCode/include_juce_audio_plugin_client_VST_utils.mm";
			sourceTree = "SOURCE_ROOT";
		};
		672B7705BC0D45C05A933376 = {
			isa = PBXFileReference;
			lastKnownFileType = file.wav;
			name = "10azi_30,0_ele_30,0.wav";
			path = "../../HRIR/10azi_30,0_ele_30,0.wav";
			sourceTree = "SOURCE_ROOT";
		};
		6775B9E3EE31E7985F24F599 = {
			isa = PBXFileReference;
			lastKnownFileType = file.wav;
			name = "3azi_0,0_ele_0,0.wav";
			path = "../../HRIR/3azi_0,0_ele_0,0.wav";
			sourceTree = "SOURCE_ROOT";
		};
		68BED6917CAB201BF6B9D406 = {
			isa = PBXFileReference;
			lastKnownFileType = sourcecode.c.h;
			name = Util.h;
			path = ../../Source/Util.h;
			sourceTree = "SOURCE_ROOT";
		};
		6BC8B990CAA81F5C80923035 = {
			isa = PBXFileReference;
			lastKnownFileType = file.wav;
			name = "56azi_300,0_ele_60,0.wav";
			path = "../../HRIR/56azi_300,0_ele_60,0.wav";
			sourceTree = "SOURCE_ROOT";
		};
		6E762D223E4232F5561D8F83 = {
			isa = PBXFileReference;
			lastKnownFileType = file.wav;
			name = "54azi_300,0_ele_0,0.wav";
			path = "../../HRIR/54azi_300,0_ele_0,0.wav";
			sourceTree = "SOURCE_ROOT";
		};
		751B654F8A4E99DEC4B1AC08 = {
			isa = PBXFileReference;
			lastKnownFileType = file.wav;
			name = "45azi_240,0_ele_30,0.wav";
			path = "../../HRIR/45azi_240,0_ele_30,0.wav";
			sourceTree = "SOURCE_ROOT";
		};
		7864D27328E3063E549091D9 = {
			isa = PBXFileReference;
			lastKnownFileType = sourcecode.cpp.objcpp;
			name = "include_juce_audio_plugin_client_AU_1.mm";
			path = "../../JuceLibraryCode/include_juce_audio_plugin_client_AU_1.mm";
			sourceTree = "SOURCE_ROOT";
		};
		7C843A51F16738D2E90121D8 = {
			isa = PBXFileReference;
			lastKnownFileType = file.wav;
			name = "23azi_120,0_ele_-60,0.wav";
			path = "../../HRIR/23azi_120,0_ele_-60,0.wav";
			sourceTree = "SOURCE_ROOT";
		};
		8820C489E39B55140B03814E = {
			isa = PBXFileReference;
			lastKnownFileType = file.wav;
			name = "4azi_0,0_ele_30,0.wav";
			path = "../../HRIR/4azi_0,0_ele_30,0.wav";
			sourceTree = "SOURCE_ROOT";
		};
		AAA796F4B8245068D7020327 = {
			isa = PBXFileReference;
			explicitFileType = wrapper.application;
			includeInIndex = 0;
			path = DAFXBinauralPhaseVocoder.app;
			sourceTree = "BUILT_PRODUCTS_DIR";
		};
		60AEDDE55EF20E1B894B8ABE = {
			isa = PBXFileReference;
			explicitFileType = archive.ar;
			includeInIndex = 0;
			path = libDAFXBinauralPhaseVocoder.a;
			sourceTree = "BUILT_PRODUCTS_DIR";
		};
		72314AF8FC87AF5CC713E2B9 = {
			isa = PBXFileReference;
			lastKnownFileType = sourcecode.cpp.objcpp;
			name = "include_juce_audio_processors.mm";
			path = "../../JuceLibraryCode/include_juce_audio_processors.mm";
			sourceTree = "SOURCE_ROOT";
		};
		7C85E9C1C0ADC490028E7114 = {
			isa = PBXFileReference;
			lastKnownFileType = sourcecode.c.h;
			name = IRBank.h;
			path = ../../Source/IRBank.h;
			sourceTree = "SOURCE_ROOT";
		};
		7D29892CCA9F71CEC9BDB06F = {
			isa = PBXFileReference;
			lastKnownFileType = sourcecode.cpp.objcpp;
			name = "include_juce_core.mm";
			path = "../../JuceLibraryCode/include_juce_core.mm";
			sourceTree = "SOURCE_ROOT";
		};
		7E788C5962892B446A749C1A = {
			isa = PBXFileReference;
			lastKnownFileType = sourcecode.cpp.objcpp;
			name = "include_juce_graphics.mm";
			path = "../../JuceLibraryCode/include_juce_graphics.mm";
			sourceTree = "SOURCE_ROOT";
		};
		82FF8C1398FD311F3C123E84 = {
			isa = PBXFileReference;
			lastKnownFileType = sourcecode.c.h;
			name = JuceHeader.h;
			path = ../../JuceLibraryCode/JuceHeader.h;
			sourceTree = "SOURCE_ROOT";
		};
		84BC1F21985D9A8717655FA3 = {
			isa = PBXFileReference;
			lastKnownFileType = file;
			name = "juce_graphics";
			path = "/Applications/JUCE/modules/juce_graphics";
			sourceTree = "<absolute>";
		};
		930EAD5F274D290A9C105210 = {
			isa = PBXFileReference;
			lastKnownFileType = sourcecode.c.h;
			name = "source_icon.h";
			path = "../../Source/images/source_icon.h";
			sourceTree = "SOURCE_ROOT";
		};
		9766EAA227F70AD1C52DE698 = {
			isa = PBXFileReference;
			lastKnownFileType = sourcecode.c.h;
			name = BinaryData.h;
			path = ../../JuceLibraryCode/BinaryData.h;
			sourceTree = "SOURCE_ROOT";
		};
		9787F81C4462F6323087DF77 = {
			isa = PBXFileReference;
			lastKnownFileType = file.wav;
			name = "41azi_210,0_ele_60,0.wav";
			path = "../../HRIR/41azi_210,0_ele_60,0.wav";
			sourceTree = "SOURCE_ROOT";
		};
		9A488B7DAC57E087F7612445 = {
			isa = PBXFileReference;
			lastKnownFileType = file.wav;
			name = "47azi_270,0_ele_-30,0.wav";
			path = "../../HRIR/47azi_270,0_ele_-30,0.wav";
			sourceTree = "SOURCE_ROOT";
		};
		9B5E8DE46132256F5E895591 = {
			isa = PBXFileReference;
			lastKnownFileType = file;
			name = "juce_audio_formats";
			path = "/Applications/JUCE/modules/juce_audio_formats";
			sourceTree = "<absolute>";
		};
		9D340DA23528B074F07A91EE = {
			isa = PBXFileReference;
			lastKnownFileType = file.wav;
			name = "53azi_300,0_ele_-60,0.wav";
			path = "../../HRIR/53azi_300,0_ele_-60,0.wav";
			sourceTree = "SOURCE_ROOT";
		};
		9DBECC7B0DCE0313C44DAA7D = {
			isa = PBXFileReference;
			lastKnownFileType = wrapper.framework;
			name = QuartzCore.framework;
			path = System/Library/Frameworks/QuartzCore.framework;
			sourceTree = SDKROOT;
		};
		9FC637A1E541030B806E2C92 = {
			isa = PBXFileReference;
			lastKnownFileType = file.wav;
			name = "27azi_150,0_ele_-30,0.wav";
			path = "../../HRIR/27azi_150,0_ele_-30,0.wav";
			sourceTree = "SOURCE_ROOT";
		};
		A07C27B9247DF745B326B4B0 = {
			isa = PBXFileReference;
			lastKnownFileType = file.wav;
			name = "12azi_60,0_ele_-30,0.wav";
			path = "../../HRIR/12azi_60,0_ele_-30,0.wav";
			sourceTree = "SOURCE_ROOT";
		};
		A20099731C59B43A2ED08BF1 = {
			isa = PBXFileReference;
			lastKnownFileType = file.wav;
			name = "43azi_240,0_ele_-60,0.wav";
			path = "../../HRIR/43azi_240,0_ele_-60,0.wav";
			sourceTree = "SOURCE_ROOT";
		};
		A6E810AAFCC25DF985999463 = {
			isa = PBXFileReference;
			lastKnownFileType = file;
			name = "juce_gui_basics";
			path = "/Applications/JUCE/modules/juce_gui_basics";
			sourceTree = "<absolute>";
		};
		A7412F881D895D9648FBDA89 = {
			isa = PBXFileReference;
			lastKnownFileType = file.wav;
			name = "26azi_120,0_ele_60,0.wav";
			path = "../../HRIR/26azi_120,0_ele_60,0.wav";
			sourceTree = "SOURCE_ROOT";
		};
		A8354808DFD619B2B6F3C844 = {
			isa = PBXFileReference;
			lastKnownFileType = file.wav;
			name = "37azi_210,0_ele_-30,0.wav";
			path = "../../HRIR/37azi_210,0_ele_-30,0.wav";
			sourceTree = "SOURCE_ROOT";
		};
		AB63C97C9E50FF89BC1F66F4 = {
			isa = PBXFileReference;
			lastKnownFileType = sourcecode.cpp.cpp;
			name = IRBank.cpp;
			path = ../../Source/IRBank.cpp;
			sourceTree = "SOURCE_ROOT";
		};
		AC65C217FA5858278CA50C14 = {
			isa = PBXFileReference;
			lastKnownFileType = file.wav;
			name = "9azi_30,0_ele_0,0.wav";
			path = "../../HRIR/9azi_30,0_ele_0,0.wav";
			sourceTree = "SOURCE_ROOT";
		};
		AF0BBAE7538A4F6EF52561BE = {
			isa = PBXFileReference;
			lastKnownFileType = sourcecode.c.h;
			name = "head_side.h";
			path = "../../Source/images/head_side.h";
			sourceTree = "SOURCE_ROOT";
		};
		B0BD123D5AA9ECD6EAB0E3F6 = {
			isa = PBXFileReference;
			lastKnownFileType = file.wav;
			name = "42azi_240,0_ele_-30,0.wav";
			path = "../../HRIR/42azi_240,0_ele_-30,0.wav";
			sourceTree = "SOURCE_ROOT";
		};
		B2659B5FA5467D47584CEF0A = {
			isa = PBXFileReference;
			lastKnownFileType = file.wav;
			name = "7azi_30,0_ele_-30,0.wav";
			path = "../../HRIR/7azi_30,0_ele_-30,0.wav";
			sourceTree = "SOURCE_ROOT";
		};
		B79DA1BD7E91CFA425FF3915 = {
			isa = PBXFileReference;
			lastKnownFileType = sourcecode.cpp.objcpp;
			name = "include_juce_events.mm";
			path = "../../JuceLibraryCode/include_juce_events.mm";
			sourceTree = "SOURCE_ROOT";
		};
		B898AE22B431EA13E180A98C = {
			isa = PBXFileReference;
			lastKnownFileType = file.wav;
			name = "28azi_150,0_ele_-60,0.wav";
			path = "../../HRIR/28azi_150,0_ele_-60,0.wav";
			sourceTree = "SOURCE_ROOT";
		};
		B8B3A223C73D756F41FCA6D9 = {
			isa = PBXFileReference;
			lastKnownFileType = file.wav;
			name = "50azi_270,0_ele_30,0.wav";
			path = "../../HRIR/50azi_270,0_ele_30,0.wav";
			sourceTree = "SOURCE_ROOT";
		};
		B9643B1ABFE325F029B609A8 = {
			isa = PBXFileReference;
			lastKnownFileType = file.wav;
			name = "52azi_300,0_ele_-30,0.wav";
			path = "../../HRIR/52azi_300,0_ele_-30,0.wav";
			sourceTree = "SOURCE_ROOT";
		};
		BC705065DAC49014913B95F5 = {
			isa = PBXFileReference;
			lastKnownFileType = file.wav;
			name = "35azi_180,0_ele_30,0.wav";
			path = "../../HRIR/35azi_180,0_ele_30,0.wav";
			sourceTree = "SOURCE_ROOT";
		};
		BFDC50EA43F156B154B6A0CD = {
			isa = PBXFileReference;
			lastKnownFileType = file.wav;
			name = "40azi_210,0_ele_30,0.wav";
			path = "../../HRIR/40azi_210,0_ele_30,0.wav";
			sourceTree = "SOURCE_ROOT";
		};
		BFFBB68E8A95FAC2246B1037 = {
			isa = PBXFileReference;
			lastKnownFileType = wrapper.framework;
			name = AudioToolbox.framework;
			path = System/Library/Frameworks/AudioToolbox.framework;
			sourceTree = SDKROOT;
		};
		C27F3E3FAC9C8DE460055C91 = {
			isa = PBXFileReference;
			lastKnownFileType = sourcecode.cpp.objcpp;
			name = "include_juce_audio_plugin_client_AU_2.mm";
			path = "../../JuceLibraryCode/include_juce_audio_plugin_client_AU_2.mm";
			sourceTree = "SOURCE_ROOT";
		};
		C8E00225D370B2D366DFD4A3 = {
			isa = PBXFileReference;
			lastKnownFileType = wrapper.framework;
			name = OpenGL.framework;
			path = System/Library/Frameworks/OpenGL.framework;
			sourceTree = SDKROOT;
		};
		C987D00C2B2A4D1BD2D98958 = {
			isa = PBXFileReference;
			lastKnownFileType = file.wav;
			name = "21azi_90,0_ele_60,0.wav";
			path = "../../HRIR/21azi_90,0_ele_60,0.wav";
			sourceTree = "SOURCE_ROOT";
		};
		CACDB4631ADC2FA339529344 = {
			isa = PBXFileReference;
			lastKnownFileType = wrapper.framework;
			name = AudioUnit.framework;
			path = System/Library/Frameworks/AudioUnit.framework;
			sourceTree = SDKROOT;
		};
		CCA40ED4DB709A30A0477993 = {
			isa = PBXFileReference;
			lastKnownFileType = sourcecode.c.h;
			name = PluginProcessor.h;
			path = ../../Source/PluginProcessor.h;
			sourceTree = "SOURCE_ROOT";
		};
		CE3CCEFA1E8BA25651F503C0 = {
			isa = PBXFileReference;
			lastKnownFileType = file.wav;
			name = "30azi_150,0_ele_30,0.wav";
			path = "../../HRIR/30azi_150,0_ele_30,0.wav";
			sourceTree = "SOURCE_ROOT";
		};
		D267DDA2FB3E55A46E19E74C = {
			isa = PBXFileReference;
			lastKnownFileType = sourcecode.cpp.objcpp;
			name = "include_juce_dsp.mm";
			path = "../../JuceLibraryCode/include_juce_dsp.mm";
			sourceTree = "SOURCE_ROOT";
		};
		D29DBDD0BE660694E4C25FA9 = {
			isa = PBXFileReference;
			lastKnownFileType = wrapper.framework;
			name = IOKit.framework;
			path = System/Library/Frameworks/IOKit.framework;
			sourceTree = SDKROOT;
		};
		D344E36A8E0F1C4AC01AAF7B = {
			isa = PBXFileReference;
			lastKnownFileType = file.wav;
			name = "48azi_270,0_ele_-60,0.wav";
			path = "../../HRIR/48azi_270,0_ele_-60,0.wav";
			sourceTree = "SOURCE_ROOT";
		};
		D5AD8BFF9E502FDE20900136 = {
			isa = PBXFileReference;
			lastKnownFileType = wrapper.framework;
			name = Carbon.framework;
			path = System/Library/Frameworks/Carbon.framework;
			sourceTree = SDKROOT;
		};
		DC4959FDA7BA8AEA84D78C0B = {
			isa = PBXFileReference;
			lastKnownFileType = file.wav;
			name = "29azi_150,0_ele_0,0.wav";
			path = "../../HRIR/29azi_150,0_ele_0,0.wav";
			sourceTree = "SOURCE_ROOT";
		};
		DC868666DF1A01B62B2CC9BC = {
			isa = PBXFileReference;
			lastKnownFileType = file.wav;
			name = "25azi_120,0_ele_30,0.wav";
			path = "../../HRIR/25azi_120,0_ele_30,0.wav";
			sourceTree = "SOURCE_ROOT";
		};
		DDB683C4382273B9B34372AE = {
			isa = PBXFileReference;
			lastKnownFileType = sourcecode.c.h;
			name = "head_top.h";
			path = "../../Source/images/head_top.h";
			sourceTree = "SOURCE_ROOT";
		};
		DEFA7792F2FB51B2DE43D656 = {
			isa = PBXFileReference;
			lastKnownFileType = file.wav;
			name = "18azi_90,0_ele_-60,0.wav";
			path = "../../HRIR/18azi_90,0_ele_-60,0.wav";
			sourceTree = "SOURCE_ROOT";
		};
		E1E2CD6A48F3BB72D842A6D7 = {
			isa = PBXFileReference;
			lastKnownFileType = sourcecode.cpp.objcpp;
			name = "include_juce_audio_formats.mm";
			path = "../../JuceLibraryCode/include_juce_audio_formats.mm";
			sourceTree = "SOURCE_ROOT";
		};
		E31D640D830801FBB3CBA1F6 = {
			isa = PBXFileReference;
			lastKnownFileType = file.wav;
			name = "36azi_180,0_ele_60,0.wav";
			path = "../../HRIR/36azi_180,0_ele_60,0.wav";
			sourceTree = "SOURCE_ROOT";
		};
		E5E5F3EE4E4D5C6CE7CAA6FC = {
			isa = PBXFileReference;
			lastKnownFileType = file;
			name = "juce_audio_utils";
			path = "/Applications/JUCE/modules/juce_audio_utils";
			sourceTree = "<absolute>";
		};
		EB94B50149D340571A8D87D8 = {
			isa = PBXFileReference;
			lastKnownFileType = sourcecode.cpp.objcpp;
			name = "include_juce_audio_utils.mm";
			path = "../../JuceLibraryCode/include_juce_audio_utils.mm";
			sourceTree = "SOURCE_ROOT";
		};
		EC3435273ACC75894EF787FA = {
			isa = PBXFileReference;
			lastKnownFileType = file.wav;
			name = "39azi_210,0_ele_0,0.wav";
			path = "../../HRIR/39azi_210,0_ele_0,0.wav";
			sourceTree = "SOURCE_ROOT";
		};
		EE0C9D1A7E0C6E54E81075DA = {
			isa = PBXFileReference;
			lastKnownFileType = file.wav;
			name = "55azi_300,0_ele_30,0.wav";
			path = "../../HRIR/55azi_300,0_ele_30,0.wav";
			sourceTree = "SOURCE_ROOT";
		};
		EEBDD9C3448DD069B4311847 = {
			isa = PBXFileReference;
			lastKnownFileType = file.r;
			name = "include_juce_audio_plugin_client_AU.r";
			path = "../../JuceLibraryCode/include_juce_audio_plugin_client_AU.r";
			sourceTree = "SOURCE_ROOT";
		};
		EEC472C6D5AAE745EBD54AC6 = {
			isa = PBXFileReference;
			lastKnownFileType = file;
			name = "juce_events";
			path = "/Applications/JUCE/modules/juce_events";
			sourceTree = "<absolute>";
		};
		F15C26B8116090E8A57C9DB9 = {
			isa = PBXFileReference;
			lastKnownFileType = file.wav;
			name = "61azi_330,0_ele_60,0.wav";
			path = "../../HRIR/61azi_330,0_ele_60,0.wav";
			sourceTree = "SOURCE_ROOT";
		};
		F519437A4FA86DD7E561DE62 = {
			isa = PBXFileReference;
			lastKnownFileType = wrapper.framework;
			name = DiscRecording.framework;
			path = System/Library/Frameworks/DiscRecording.framework;
			sourceTree = SDKROOT;
		};
		F71500953F2C32C8F8D41CA5 = {
			isa = PBXFileReference;
			lastKnownFileType = file.wav;
			name = "0azi_0,0_ele_-30,0.wav";
			path = "../../HRIR/0azi_0,0_ele_-30,0.wav";
			sourceTree = "SOURCE_ROOT";
		};
		F87FB855BFD3BDE070BABB3A = {
			isa = PBXFileReference;
			lastKnownFileType = sourcecode.cpp.objcpp;
			name = "include_juce_gui_extra.mm";
			path = "../../JuceLibraryCode/include_juce_gui_extra.mm";
			sourceTree = "SOURCE_ROOT";
		};
		FA191F3548729BF92FF23561 = {
			isa = PBXFileReference;
			lastKnownFileType = wrapper.framework;
			name = CoreAudioKit.framework;
			path = System/Library/Frameworks/CoreAudioKit.framework;
			sourceTree = SDKROOT;
		};
		FAC9BBAD28CB1F8F5DC934CE = {
			isa = PBXFileReference;
			lastKnownFileType = sourcecode.cpp.cpp;
			name = "include_juce_audio_plugin_client_VST3.cpp";
			path = "../../JuceLibraryCode/include_juce_audio_plugin_client_VST3.cpp";
			sourceTree = "SOURCE_ROOT";
		};
		FBCD0783FDEFBBCA99465217 = {
			isa = PBXFileReference;
			lastKnownFileType = file;
			name = "juce_data_structures";
			path = "/Applications/JUCE/modules/juce_data_structures";
			sourceTree = "<absolute>";
		};
		FC826DF21A835B9D40D821F7 = {
			isa = PBXFileReference;
			lastKnownFileType = sourcecode.cpp.objcpp;
			name = "include_juce_audio_basics.mm";
			path = "../../JuceLibraryCode/include_juce_audio_basics.mm";
			sourceTree = "SOURCE_ROOT";
		};
		FE3BA082CC760425A259C7A5 = {
			isa = PBXFileReference;
			lastKnownFileType = sourcecode.cpp.objcpp;
			name = "include_juce_gui_basics.mm";
			path = "../../JuceLibraryCode/include_juce_gui_basics.mm";
			sourceTree = "SOURCE_ROOT";
		};
		FE5FB7EA139C58B90812C079 = {
			isa = PBXFileReference;
			lastKnownFileType = text.plist.xml;
			name = "Info-AU.plist";
			path = "Info-AU.plist";
			sourceTree = "SOURCE_ROOT";
		};
		FEFC35C92F14C00400ADA195 = {
			isa = PBXFileReference;
			lastKnownFileType = file.wav;
			name = "5azi_0,0_ele_60,0.wav";
			path = "../../HRIR/5azi_0,0_ele_60,0.wav";
			sourceTree = "SOURCE_ROOT";
		};
		5E0AB4AED98EB5587526CD81 = {
			isa = PBXGroup;
			children = (
				AF0BBAE7538A4F6EF52561BE,
				DDB683C4382273B9B34372AE,
				930EAD5F274D290A9C105210,
			);
			name = images;
			sourceTree = "<group>";
		};
		0085EB74325F7001B349F190 = {
			isa = PBXGroup;
			children = (
				F71500953F2C32C8F8D41CA5,
				1CE377AC32EADAE893D216D9,
				6010C4D5A3A99C1272FBA15F,
				6775B9E3EE31E7985F24F599,
				8820C489E39B55140B03814E,
				FEFC35C92F14C00400ADA195,
				5ECA03CE059D23D483950015,
				B2659B5FA5467D47584CEF0A,
				2737DC73F0FE81C8E1E094A1,
				AC65C217FA5858278CA50C14,
				672B7705BC0D45C05A933376,
				603213A03EF725CDCC0E68A0,
				A07C27B9247DF745B326B4B0,
				540096406F2642457929E244,
				42817D9ED4FF3E7E893D0AD6,
				153667CDAE95DA8436240191,
				012740505E2890173337DC75,
				4B26B50D2E811D31AC81EFFD,
				DEFA7792F2FB51B2DE43D656,
				2C871AE47E85F7CF95D78BC7,
				5D05008CB3B33C56B2E196A6,
				C987D00C2B2A4D1BD2D98958,
				3205E940A2728CED8FA99DA1,
				7C843A51F16738D2E90121D8,
				4019EB6032868BDF1556EEB0,
				DC868666DF1A01B62B2CC9BC,
				A7412F881D895D9648FBDA89,
				9FC637A1E541030B806E2C92,
				B898AE22B431EA13E180A98C,
				DC4959FDA7BA8AEA84D78C0B,
				CE3CCEFA1E8BA25651F503C0,
				08886B51C80D5685CE130156,
				1C3B4341DEBB19DD4EE185EF,
				31A9E39D5C5FD67DB2A56D97,
				36BFF0F66754BEC6F211EE64,
				BC705065DAC49014913B95F5,
				E31D640D830801FBB3CBA1F6,
				A8354808DFD619B2B6F3C844,
				197B3007AA686823A78A52B5,
				EC3435273ACC75894EF787FA,
				BFDC50EA43F156B154B6A0CD,
				9787F81C4462F6323087DF77,
				B0BD123D5AA9ECD6EAB0E3F6,
				A20099731C59B43A2ED08BF1,
				2F9BDEAEC7CA8C339FBCBDE4,
				751B654F8A4E99DEC4B1AC08,
				6162D0DB6E711A462EBCBCE9,
				9A488B7DAC57E087F7612445,
				D344E36A8E0F1C4AC01AAF7B,
				1E3CBF0A04A1EC9B3DF7355E,
				B8B3A223C73D756F41FCA6D9,
				0538BE45E4C66BA84AEEF78A,
				B9643B1ABFE325F029B609A8,
				9D340DA23528B074F07A91EE,
				6E762D223E4232F5561D8F83,
				EE0C9D1A7E0C6E54E81075DA,
				6BC8B990CAA81F5C80923035,
				15D0EE0C8585D91D5F9A8E30,
				1FA9B1558041919A21295B3E,
				4DBE259655C9A917CFA58E99,
				5C74535F3044C15F5BCF4E05,
				F15C26B8116090E8A57C9DB9,
			);
			name = HRIR;
			sourceTree = "<group>";
		};
		71BA836EA8100D7A49926476 = {
			isa = PBXGroup;
			children = (
				AB63C97C9E50FF89BC1F66F4,
				7C85E9C1C0ADC490028E7114,
				2C1080061E9CEB94F3C2BA17,
				2467C6CCEF59C368E970C5C0,
				32E3246B520CE041E5FCEC2B,
				52A9BE7DCAF2558851B27754,
				3FE5548CC625ECE7A6680FC5,
				CCA40ED4DB709A30A0477993,
				47E77719006A0CF405BB5D7D,
				57F2AACF20754881420543E0,
				68BED6917CAB201BF6B9D406,
				5E0AB4AED98EB5587526CD81,
				0085EB74325F7001B349F190,
			);
			name = Source;
			sourceTree = "<group>";
		};
		82183DE380B174E41592F581 = {
			isa = PBXGroup;
			children = (
				71BA836EA8100D7A49926476,
			);
			name = DAFXBinauralPhaseVocoder;
			sourceTree = "<group>";
		};
		5FEA7621239BF2CB0CB3E52F = {
			isa = PBXGroup;
			children = (
				4EE04B976CA6D728B0E9A67B,
				14A1A2FEBBE4B2CF7B6DFFA4,
				9B5E8DE46132256F5E895591,
				49B61EFFBA49B2F8512CBB05,
				0BE67BAFE64A36D39EE17652,
				E5E5F3EE4E4D5C6CE7CAA6FC,
				634B4C0A0D3D733B498BF15E,
				5A99E0F098CB5CDD89885CE3,
				FBCD0783FDEFBBCA99465217,
				53294628A6C2CDCF49D39B2C,
				EEC472C6D5AAE745EBD54AC6,
				84BC1F21985D9A8717655FA3,
				A6E810AAFCC25DF985999463,
				4DB0A169D4270E2087DAB61C,
				4D0851F365BE7E4B0C50D35A,
			);
			name = "JUCE Modules";
			sourceTree = "<group>";
		};
		4E7E51DA4ABDB8E000ADEDBA = {
			isa = PBXGroup;
			children = (
				11802E0E1427991B4167342A,
				38543FA801DB684660A7AAC1,
				9766EAA227F70AD1C52DE698,
				FC826DF21A835B9D40D821F7,
				2DC7C1FD7C61277D28A2AB44,
				E1E2CD6A48F3BB72D842A6D7,
				EEBDD9C3448DD069B4311847,
				7864D27328E3063E549091D9,
				C27F3E3FAC9C8DE460055C91,
				5A3347BB908A2753358DCB40,
				19F1FAB68DE99619EC20F955,
				662C8067DCBF1A400C0DB542,
				FAC9BBAD28CB1F8F5DC934CE,
				72314AF8FC87AF5CC713E2B9,
				EB94B50149D340571A8D87D8,
				7D29892CCA9F71CEC9BDB06F,
				01E8EDF7C9943F3E56309929,
				478294D8DEA6F34862D18E08,
				D267DDA2FB3E55A46E19E74C,
				B79DA1BD7E91CFA425FF3915,
				7E788C5962892B446A749C1A,
				FE3BA082CC760425A259C7A5,
				F87FB855BFD3BDE070BABB3A,
				13CEAA5CDA3AD1FA12EED383,
				82FF8C1398FD311F3C123E84,
			);
			name = "JUCE Library Code";
			sourceTree = "<group>";
		};
		6F89322478D19958B6DDC0B1 = {
			isa = PBXGroup;
			children = (
				154BDD661E5CC4089A7D8EF7,
				FE5FB7EA139C58B90812C079,
				061DE272F26B53C2409E6D1C,
				4C4736D39406D072C85727CB,
			);
			name = Resources;
			sourceTree = "<group>";
		};
		7A0C9C70DC3E6DCCA18B7E30 = {
			isa = PBXGroup;
			children = (
				CACDB4631ADC2FA339529344,
				5C03D968AD9DB57BF67B0242,
				BFFBB68E8A95FAC2246B1037,
				D5AD8BFF9E502FDE20900136,
				4898AFBBB366FB698A139798,
				23B9B44BA27D5FE8862B11B4,
				FA191F3548729BF92FF23561,
				5B7EB0D4E3D07C12D3D49A0F,
				F519437A4FA86DD7E561DE62,
				D29DBDD0BE660694E4C25FA9,
				C8E00225D370B2D366DFD4A3,
				9DBECC7B0DCE0313C44DAA7D,
				5B4D1E546A30353936C639C8,
			);
			name = Frameworks;
			sourceTree = "<group>";
		};
		D3C9BF06366A8B5B7B360A9C = {
			isa = PBXGroup;
			children = (
				744175FEAFFCAFC1D9E95056,
				0D60E334C239C2E6E71FA16A,
				AAA796F4B8245068D7020327,
				60AEDDE55EF20E1B894B8ABE,
			);
			name = Products;
			sourceTree = "<group>";
		};
		DD8C5947DF731E58CCF390CF = {
			isa = PBXGroup;
			children = (
				82183DE380B174E41592F581,
				5FEA7621239BF2CB0CB3E52F,
				4E7E51DA4ABDB8E000ADEDBA,
				6F89322478D19958B6DDC0B1,
				7A0C9C70DC3E6DCCA18B7E30,
				D3C9BF06366A8B5B7B360A9C,
			);
			name = Source;
			sourceTree = "<group>";
		};
		169263C811652EBE69E205D8 = {
			isa = XCBuildConfiguration;
			buildSettings = {
				MACOSX_DEPLOYMENT_TARGET = 10.11;
				SDKROOT = macosx;
			};
			name = Debug;
		};
		2F3F85975D6AF0F3BA179259 = {
			isa = XCBuildConfiguration;
			buildSettings = {
				MACOSX_DEPLOYMENT_TARGET = 10.11;
				SDKROOT = macosx;
			};
			name = Release;
		};
		A37FF22EB47E9019ABE23B12 = {
			isa = XCBuildConfiguration;
			buildSettings = {
				CLANG_CXX_LANGUAGE_STANDARD = "c++14";
				CLANG_CXX_LIBRARY = "libc++";
				CLANG_LINK_OBJC_RUNTIME = NO;
				CODE_SIGN_IDENTITY = "";
				COMBINE_HIDPI_IMAGES = YES;
				CONFIGURATION_BUILD_DIR = "$(PROJECT_DIR)/build/$(CONFIGURATION)";
				COPY_PHASE_STRIP = NO;
				DEPLOYMENT_LOCATION = YES;
				DSTROOT = /;
				GCC_DYNAMIC_NO_PIC = NO;
				GCC_OPTIMIZATION_LEVEL = 0;
				GCC_PREPROCESSOR_DEFINITIONS = (
					"_DEBUG=1",
					"DEBUG=1",
					"JUCER_XCODE_MAC_F6D2F4CF=1",
					"JUCE_APP_VERSION=1.0.0",
					"JUCE_APP_VERSION_HEX=0x10000",
					"JucePlugin_Build_VST=0",
					"JucePlugin_Build_VST3=1",
					"JucePlugin_Build_AU=0",
					"JucePlugin_Build_AUv3=0",
					"JucePlugin_Build_RTAS=0",
					"JucePlugin_Build_AAX=0",
					"JucePlugin_Build_Standalone=0",
					"JucePlugin_Build_Unity=0",
				);
				GCC_VERSION = com.apple.compilers.llvm.clang.1_0;
				GENERATE_PKGINFO_FILE = YES;
				HEADER_SEARCH_PATHS = (
					"/Applications/JUCE/modules/juce_audio_processors/format_types/VST3_SDK",
					"../../JuceLibraryCode",
					"/Applications/JUCE/modules",
					"/Users/jack/Documents/Academic/QueenMary/Year1/DigitalAudioEffects/Libraries/fftw-3.3.8",
					"/Applications/JUCE/modules/juce_audio_plugin_client",
					"$(inherited)",
				);
				INFOPLIST_FILE = Info-VST3.plist;
				INFOPLIST_PREPROCESS = NO;
				INSTALL_PATH = "$(HOME)/Library/Audio/Plug-Ins/VST3/";
				LIBRARY_SEARCH_PATHS = (
					"$(inherited)",
					"\"/usr/local/Cellar/fftw/3.3.8_1/lib\"",
				);
				LIBRARY_STYLE = Bundle;
				MACOSX_DEPLOYMENT_TARGET = 10.11;
				OTHER_LDFLAGS = "-bundle -lDAFXBinauralPhaseVocoder -lfftw3";
				PRODUCT_BUNDLE_IDENTIFIER = com.yourcompany.DAFXBinauralPhaseVocoder;
				PRODUCT_NAME = "DAFXBinauralPhaseVocoder";
				USE_HEADERMAP = NO;
				WRAPPER_EXTENSION = vst3;
			};
			name = Debug;
		};
		D37B5247D8CA4B85EC165710 = {
			isa = XCBuildConfiguration;
			buildSettings = {
				CLANG_CXX_LANGUAGE_STANDARD = "c++14";
				CLANG_CXX_LIBRARY = "libc++";
				CLANG_LINK_OBJC_RUNTIME = NO;
				CODE_SIGN_IDENTITY = "";
				COMBINE_HIDPI_IMAGES = YES;
				CONFIGURATION_BUILD_DIR = "$(PROJECT_DIR)/build/$(CONFIGURATION)";
				DEAD_CODE_STRIPPING = YES;
				DEPLOYMENT_LOCATION = YES;
				DSTROOT = /;
				GCC_GENERATE_DEBUGGING_SYMBOLS = NO;
				GCC_OPTIMIZATION_LEVEL = 3;
				GCC_PREPROCESSOR_DEFINITIONS = (
					"_NDEBUG=1",
					"NDEBUG=1",
					"JUCER_XCODE_MAC_F6D2F4CF=1",
					"JUCE_APP_VERSION=1.0.0",
					"JUCE_APP_VERSION_HEX=0x10000",
					"JucePlugin_Build_VST=0",
					"JucePlugin_Build_VST3=1",
					"JucePlugin_Build_AU=0",
					"JucePlugin_Build_AUv3=0",
					"JucePlugin_Build_RTAS=0",
					"JucePlugin_Build_AAX=0",
					"JucePlugin_Build_Standalone=0",
					"JucePlugin_Build_Unity=0",
				);
				GCC_SYMBOLS_PRIVATE_EXTERN = YES;
				GCC_VERSION = com.apple.compilers.llvm.clang.1_0;
				GENERATE_PKGINFO_FILE = YES;
				HEADER_SEARCH_PATHS = (
					"/Applications/JUCE/modules/juce_audio_processors/format_types/VST3_SDK",
					"../../JuceLibraryCode",
					"/Applications/JUCE/modules",
					"/Users/jack/Documents/Academic/QueenMary/Year1/DigitalAudioEffects/Libraries/fftw-3.3.8",
					"/Applications/JUCE/modules/juce_audio_plugin_client",
					"$(inherited)",
				);
				INFOPLIST_FILE = Info-VST3.plist;
				INFOPLIST_PREPROCESS = NO;
				INSTALL_PATH = "$(HOME)/Library/Audio/Plug-Ins/VST3/";
				LIBRARY_SEARCH_PATHS = (
					"$(inherited)",
					"\"/usr/local/Cellar/fftw/3.3.8_1/lib\"",
				);
				LIBRARY_STYLE = Bundle;
				LLVM_LTO = YES;
				MACOSX_DEPLOYMENT_TARGET = 10.11;
				OTHER_LDFLAGS = "-bundle -lDAFXBinauralPhaseVocoder -lfftw3";
				PRODUCT_BUNDLE_IDENTIFIER = com.yourcompany.DAFXBinauralPhaseVocoder;
				PRODUCT_NAME = "DAFXBinauralPhaseVocoder";
				USE_HEADERMAP = NO;
				WRAPPER_EXTENSION = vst3;
			};
			name = Release;
		};
		F12C1E2E228B3C15310E551E = {
			isa = XCBuildConfiguration;
			buildSettings = {
				CLANG_CXX_LANGUAGE_STANDARD = "c++14";
				CLANG_CXX_LIBRARY = "libc++";
				CLANG_LINK_OBJC_RUNTIME = NO;
				CODE_SIGN_IDENTITY = "";
				COMBINE_HIDPI_IMAGES = YES;
				CONFIGURATION_BUILD_DIR = "$(PROJECT_DIR)/build/$(CONFIGURATION)";
				COPY_PHASE_STRIP = NO;
				DEPLOYMENT_LOCATION = YES;
				DSTROOT = /;
				GCC_DYNAMIC_NO_PIC = NO;
				GCC_OPTIMIZATION_LEVEL = 0;
				GCC_PREPROCESSOR_DEFINITIONS = (
					"_DEBUG=1",
					"DEBUG=1",
					"JUCER_XCODE_MAC_F6D2F4CF=1",
					"JUCE_APP_VERSION=1.0.0",
					"JUCE_APP_VERSION_HEX=0x10000",
					"JucePlugin_Build_VST=0",
					"JucePlugin_Build_VST3=0",
					"JucePlugin_Build_AU=1",
					"JucePlugin_Build_AUv3=0",
					"JucePlugin_Build_RTAS=0",
					"JucePlugin_Build_AAX=0",
					"JucePlugin_Build_Standalone=0",
					"JucePlugin_Build_Unity=0",
				);
				GCC_VERSION = com.apple.compilers.llvm.clang.1_0;
				GENERATE_PKGINFO_FILE = YES;
				HEADER_SEARCH_PATHS = (
					"/Applications/JUCE/modules/juce_audio_processors/format_types/VST3_SDK",
					"../../JuceLibraryCode",
					"/Applications/JUCE/modules",
					"/Users/jack/Documents/Academic/QueenMary/Year1/DigitalAudioEffects/Libraries/fftw-3.3.8",
					"/Applications/JUCE/modules/juce_audio_plugin_client",
					"$(inherited)",
				);
				INFOPLIST_FILE = Info-AU.plist;
				INFOPLIST_PREPROCESS = NO;
				INSTALL_PATH = "$(HOME)/Library/Audio/Plug-Ins/Components/";
				LIBRARY_SEARCH_PATHS = (
					"$(inherited)",
					"\"/usr/local/Cellar/fftw/3.3.8_1/lib\"",
				);
				LIBRARY_STYLE = Bundle;
				MACOSX_DEPLOYMENT_TARGET = 10.11;
				OTHER_LDFLAGS = "-bundle -lDAFXBinauralPhaseVocoder -lfftw3";
				OTHER_REZFLAGS = "-d ppc_$ppc -d i386_$i386 -d ppc64_$ppc64 -d x86_64_$x86_64 -I /System/Library/Frameworks/CoreServices.framework/Frameworks/CarbonCore.framework/Versions/A/Headers -I \"$(DEVELOPER_DIR)/Extras/CoreAudio/AudioUnits/AUPublic/AUBase\" -I \"$(DEVELOPER_DIR)/Platforms/MacOSX.platform/Developer/SDKs/MacOSX.sdk/System/Library/Frameworks/AudioUnit.framework/Headers\"";
				PRODUCT_BUNDLE_IDENTIFIER = com.yourcompany.DAFXBinauralPhaseVocoder;
				PRODUCT_NAME = "DAFXBinauralPhaseVocoder";
				USE_HEADERMAP = NO;
				WRAPPER_EXTENSION = component;
			};
			name = Debug;
		};
		961B302765348383AE54F912 = {
			isa = XCBuildConfiguration;
			buildSettings = {
				CLANG_CXX_LANGUAGE_STANDARD = "c++14";
				CLANG_CXX_LIBRARY = "libc++";
				CLANG_LINK_OBJC_RUNTIME = NO;
				CODE_SIGN_IDENTITY = "";
				COMBINE_HIDPI_IMAGES = YES;
				CONFIGURATION_BUILD_DIR = "$(PROJECT_DIR)/build/$(CONFIGURATION)";
				DEAD_CODE_STRIPPING = YES;
				DEPLOYMENT_LOCATION = YES;
				DSTROOT = /;
				GCC_GENERATE_DEBUGGING_SYMBOLS = NO;
				GCC_OPTIMIZATION_LEVEL = 3;
				GCC_PREPROCESSOR_DEFINITIONS = (
					"_NDEBUG=1",
					"NDEBUG=1",
					"JUCER_XCODE_MAC_F6D2F4CF=1",
					"JUCE_APP_VERSION=1.0.0",
					"JUCE_APP_VERSION_HEX=0x10000",
					"JucePlugin_Build_VST=0",
					"JucePlugin_Build_VST3=0",
					"JucePlugin_Build_AU=1",
					"JucePlugin_Build_AUv3=0",
					"JucePlugin_Build_RTAS=0",
					"JucePlugin_Build_AAX=0",
					"JucePlugin_Build_Standalone=0",
					"JucePlugin_Build_Unity=0",
				);
				GCC_SYMBOLS_PRIVATE_EXTERN = YES;
				GCC_VERSION = com.apple.compilers.llvm.clang.1_0;
				GENERATE_PKGINFO_FILE = YES;
				HEADER_SEARCH_PATHS = (
					"/Applications/JUCE/modules/juce_audio_processors/format_types/VST3_SDK",
					"../../JuceLibraryCode",
					"/Applications/JUCE/modules",
					"/Users/jack/Documents/Academic/QueenMary/Year1/DigitalAudioEffects/Libraries/fftw-3.3.8",
					"/Applications/JUCE/modules/juce_audio_plugin_client",
					"$(inherited)",
				);
				INFOPLIST_FILE = Info-AU.plist;
				INFOPLIST_PREPROCESS = NO;
				INSTALL_PATH = "$(HOME)/Library/Audio/Plug-Ins/Components/";
				LIBRARY_SEARCH_PATHS = (
					"$(inherited)",
					"\"/usr/local/Cellar/fftw/3.3.8_1/lib\"",
				);
				LIBRARY_STYLE = Bundle;
				LLVM_LTO = YES;
				MACOSX_DEPLOYMENT_TARGET = 10.11;
				OTHER_LDFLAGS = "-bundle -lDAFXBinauralPhaseVocoder -lfftw3";
				OTHER_REZFLAGS = "-d ppc_$ppc -d i386_$i386 -d ppc64_$ppc64 -d x86_64_$x86_64 -I /System/Library/Frameworks/CoreServices.framework/Frameworks/CarbonCore.framework/Versions/A/Headers -I \"$(DEVELOPER_DIR)/Extras/CoreAudio/AudioUnits/AUPublic/AUBase\" -I \"$(DEVELOPER_DIR)/Platforms/MacOSX.platform/Developer/SDKs/MacOSX.sdk/System/Library/Frameworks/AudioUnit.framework/Headers\"";
				PRODUCT_BUNDLE_IDENTIFIER = com.yourcompany.DAFXBinauralPhaseVocoder;
				PRODUCT_NAME = "DAFXBinauralPhaseVocoder";
				USE_HEADERMAP = NO;
				WRAPPER_EXTENSION = component;
			};
			name = Release;
		};
		171B846CDCF7585ADD6A2D56 = {
			isa = XCBuildConfiguration;
			buildSettings = {
				CLANG_CXX_LANGUAGE_STANDARD = "c++14";
				CLANG_CXX_LIBRARY = "libc++";
				CLANG_LINK_OBJC_RUNTIME = NO;
				CODE_SIGN_IDENTITY = "";
				COMBINE_HIDPI_IMAGES = YES;
				CONFIGURATION_BUILD_DIR = "$(PROJECT_DIR)/build/$(CONFIGURATION)";
				COPY_PHASE_STRIP = NO;
				GCC_DYNAMIC_NO_PIC = NO;
				GCC_OPTIMIZATION_LEVEL = 0;
				GCC_PREPROCESSOR_DEFINITIONS = (
					"_DEBUG=1",
					"DEBUG=1",
					"JUCER_XCODE_MAC_F6D2F4CF=1",
					"JUCE_APP_VERSION=1.0.0",
					"JUCE_APP_VERSION_HEX=0x10000",
					"JucePlugin_Build_VST=0",
					"JucePlugin_Build_VST3=0",
					"JucePlugin_Build_AU=0",
					"JucePlugin_Build_AUv3=0",
					"JucePlugin_Build_RTAS=0",
					"JucePlugin_Build_AAX=0",
					"JucePlugin_Build_Standalone=1",
					"JucePlugin_Build_Unity=0",
				);
				GCC_VERSION = com.apple.compilers.llvm.clang.1_0;
				HEADER_SEARCH_PATHS = (
					"/Applications/JUCE/modules/juce_audio_processors/format_types/VST3_SDK",
					"../../JuceLibraryCode",
					"/Applications/JUCE/modules",
					"/Users/jack/Documents/Academic/QueenMary/Year1/DigitalAudioEffects/Libraries/fftw-3.3.8",
					"/Applications/JUCE/modules/juce_audio_plugin_client",
					"$(inherited)",
				);
				INFOPLIST_FILE = Info-Standalone_Plugin.plist;
				INFOPLIST_PREPROCESS = NO;
				LIBRARY_SEARCH_PATHS = (
					"$(inherited)",
					"\"/usr/local/Cellar/fftw/3.3.8_1/lib\"",
				);
				MACOSX_DEPLOYMENT_TARGET = 10.11;
				OTHER_LDFLAGS = "-lDAFXBinauralPhaseVocoder -lfftw3";
				PRODUCT_BUNDLE_IDENTIFIER = com.yourcompany.DAFXBinauralPhaseVocoder;
				PRODUCT_NAME = "DAFXBinauralPhaseVocoder";
				USE_HEADERMAP = NO;
			};
			name = Debug;
		};
		E42FBA82562B608D52C34A17 = {
			isa = XCBuildConfiguration;
			buildSettings = {
				CLANG_CXX_LANGUAGE_STANDARD = "c++14";
				CLANG_CXX_LIBRARY = "libc++";
				CLANG_LINK_OBJC_RUNTIME = NO;
				CODE_SIGN_IDENTITY = "";
				COMBINE_HIDPI_IMAGES = YES;
				CONFIGURATION_BUILD_DIR = "$(PROJECT_DIR)/build/$(CONFIGURATION)";
				DEAD_CODE_STRIPPING = YES;
				GCC_GENERATE_DEBUGGING_SYMBOLS = NO;
				GCC_OPTIMIZATION_LEVEL = 3;
				GCC_PREPROCESSOR_DEFINITIONS = (
					"_NDEBUG=1",
					"NDEBUG=1",
					"JUCER_XCODE_MAC_F6D2F4CF=1",
					"JUCE_APP_VERSION=1.0.0",
					"JUCE_APP_VERSION_HEX=0x10000",
					"JucePlugin_Build_VST=0",
					"JucePlugin_Build_VST3=0",
					"JucePlugin_Build_AU=0",
					"JucePlugin_Build_AUv3=0",
					"JucePlugin_Build_RTAS=0",
					"JucePlugin_Build_AAX=0",
					"JucePlugin_Build_Standalone=1",
					"JucePlugin_Build_Unity=0",
				);
				GCC_SYMBOLS_PRIVATE_EXTERN = YES;
				GCC_VERSION = com.apple.compilers.llvm.clang.1_0;
				HEADER_SEARCH_PATHS = (
					"/Applications/JUCE/modules/juce_audio_processors/format_types/VST3_SDK",
					"../../JuceLibraryCode",
					"/Applications/JUCE/modules",
					"/Users/jack/Documents/Academic/QueenMary/Year1/DigitalAudioEffects/Libraries/fftw-3.3.8",
					"/Applications/JUCE/modules/juce_audio_plugin_client",
					"$(inherited)",
				);
				INFOPLIST_FILE = Info-Standalone_Plugin.plist;
				INFOPLIST_PREPROCESS = NO;
				LIBRARY_SEARCH_PATHS = (
					"$(inherited)",
					"\"/usr/local/Cellar/fftw/3.3.8_1/lib\"",
				);
				LLVM_LTO = YES;
				MACOSX_DEPLOYMENT_TARGET = 10.11;
				OTHER_LDFLAGS = "-lDAFXBinauralPhaseVocoder -lfftw3";
				PRODUCT_BUNDLE_IDENTIFIER = com.yourcompany.DAFXBinauralPhaseVocoder;
				PRODUCT_NAME = "DAFXBinauralPhaseVocoder";
				USE_HEADERMAP = NO;
			};
			name = Release;
		};
		6AC42BA18D616407462BB0F3 = {
			isa = XCBuildConfiguration;
			buildSettings = {
				CLANG_CXX_LANGUAGE_STANDARD = "c++14";
				CLANG_CXX_LIBRARY = "libc++";
				CLANG_LINK_OBJC_RUNTIME = NO;
				CODE_SIGN_IDENTITY = "";
				COMBINE_HIDPI_IMAGES = YES;
				CONFIGURATION_BUILD_DIR = "$(PROJECT_DIR)/build/$(CONFIGURATION)";
				COPY_PHASE_STRIP = NO;
				GCC_DYNAMIC_NO_PIC = NO;
				GCC_OPTIMIZATION_LEVEL = 0;
				GCC_PREPROCESSOR_DEFINITIONS = (
					"_DEBUG=1",
					"DEBUG=1",
					"JUCER_XCODE_MAC_F6D2F4CF=1",
					"JUCE_APP_VERSION=1.0.0",
					"JUCE_APP_VERSION_HEX=0x10000",
					"JucePlugin_Build_VST=0",
					"JucePlugin_Build_VST3=1",
					"JucePlugin_Build_AU=1",
					"JucePlugin_Build_AUv3=0",
					"JucePlugin_Build_RTAS=0",
					"JucePlugin_Build_AAX=0",
					"JucePlugin_Build_Standalone=1",
					"JucePlugin_Build_Unity=0",
					"JUCE_SHARED_CODE=1",
				);
				GCC_VERSION = com.apple.compilers.llvm.clang.1_0;
				HEADER_SEARCH_PATHS = (
					"/Applications/JUCE/modules/juce_audio_processors/format_types/VST3_SDK",
					"../../JuceLibraryCode",
					"/Applications/JUCE/modules",
					"/Users/jack/Documents/Academic/QueenMary/Year1/DigitalAudioEffects/Libraries/fftw-3.3.8",
					"/Applications/JUCE/modules/juce_audio_plugin_client",
					"$(inherited)",
				);
				INSTALL_PATH = "@executable_path/../Frameworks";
				LIBRARY_SEARCH_PATHS = (
					"$(inherited)",
					"\"/usr/local/Cellar/fftw/3.3.8_1/lib\"",
				);
				MACOSX_DEPLOYMENT_TARGET = 10.11;
				PRODUCT_BUNDLE_IDENTIFIER = com.yourcompany.DAFXBinauralPhaseVocoder;
				PRODUCT_NAME = "DAFXBinauralPhaseVocoder";
				SKIP_INSTALL = YES;
				USE_HEADERMAP = NO;
			};
			name = Debug;
		};
		B8613E0A007320FF36D5034A = {
			isa = XCBuildConfiguration;
			buildSettings = {
				CLANG_CXX_LANGUAGE_STANDARD = "c++14";
				CLANG_CXX_LIBRARY = "libc++";
				CLANG_LINK_OBJC_RUNTIME = NO;
				CODE_SIGN_IDENTITY = "";
				COMBINE_HIDPI_IMAGES = YES;
				CONFIGURATION_BUILD_DIR = "$(PROJECT_DIR)/build/$(CONFIGURATION)";
				DEAD_CODE_STRIPPING = YES;
				GCC_GENERATE_DEBUGGING_SYMBOLS = NO;
				GCC_OPTIMIZATION_LEVEL = 3;
				GCC_PREPROCESSOR_DEFINITIONS = (
					"_NDEBUG=1",
					"NDEBUG=1",
					"JUCER_XCODE_MAC_F6D2F4CF=1",
					"JUCE_APP_VERSION=1.0.0",
					"JUCE_APP_VERSION_HEX=0x10000",
					"JucePlugin_Build_VST=0",
					"JucePlugin_Build_VST3=1",
					"JucePlugin_Build_AU=1",
					"JucePlugin_Build_AUv3=0",
					"JucePlugin_Build_RTAS=0",
					"JucePlugin_Build_AAX=0",
					"JucePlugin_Build_Standalone=1",
					"JucePlugin_Build_Unity=0",
					"JUCE_SHARED_CODE=1",
				);
				GCC_SYMBOLS_PRIVATE_EXTERN = YES;
				GCC_VERSION = com.apple.compilers.llvm.clang.1_0;
				HEADER_SEARCH_PATHS = (
					"/Applications/JUCE/modules/juce_audio_processors/format_types/VST3_SDK",
					"../../JuceLibraryCode",
					"/Applications/JUCE/modules",
					"/Users/jack/Documents/Academic/QueenMary/Year1/DigitalAudioEffects/Libraries/fftw-3.3.8",
					"/Applications/JUCE/modules/juce_audio_plugin_client",
					"$(inherited)",
				);
				INSTALL_PATH = "@executable_path/../Frameworks";
				LIBRARY_SEARCH_PATHS = (
					"$(inherited)",
					"\"/usr/local/Cellar/fftw/3.3.8_1/lib\"",
				);
				LLVM_LTO = YES;
				MACOSX_DEPLOYMENT_TARGET = 10.11;
				PRODUCT_BUNDLE_IDENTIFIER = com.yourcompany.DAFXBinauralPhaseVocoder;
				PRODUCT_NAME = "DAFXBinauralPhaseVocoder";
				SKIP_INSTALL = YES;
				USE_HEADERMAP = NO;
			};
			name = Release;
		};
		732F5CC6175BAECDD5445BCD = {
			isa = XCBuildConfiguration;
			buildSettings = {
				ALWAYS_SEARCH_USER_PATHS = NO;
				CLANG_ENABLE_OBJC_WEAK = YES;
				CLANG_WARN_BLOCK_CAPTURE_AUTORELEASING = YES;
				CLANG_WARN_BOOL_CONVERSION = YES;
				CLANG_WARN_COMMA = YES;
				CLANG_WARN_CONSTANT_CONVERSION = YES;
				CLANG_WARN_DEPRECATED_OBJC_IMPLEMENTATIONS = YES;
				CLANG_WARN_EMPTY_BODY = YES;
				CLANG_WARN_ENUM_CONVERSION = YES;
				CLANG_WARN_INFINITE_RECURSION = YES;
				CLANG_WARN_INT_CONVERSION = YES;
				CLANG_WARN_NON_LITERAL_NULL_CONVERSION = YES;
				CLANG_WARN_OBJC_IMPLICIT_RETAIN_SELF = YES;
				CLANG_WARN_OBJC_LITERAL_CONVERSION = YES;
				CLANG_WARN_RANGE_LOOP_ANALYSIS = YES;
				CLANG_WARN_STRICT_PROTOTYPES = YES;
				CLANG_WARN_SUSPICIOUS_MOVE = YES;
				CLANG_WARN_UNREACHABLE_CODE = YES;
				CLANG_WARN__DUPLICATE_METHOD_MATCH = YES;
				CODE_SIGN_IDENTITY = "";
				DEBUG_INFORMATION_FORMAT = dwarf;
				ENABLE_STRICT_OBJC_MSGSEND = YES;
				ENABLE_TESTABILITY = YES;
				GCC_C_LANGUAGE_STANDARD = c11;
				GCC_INLINES_ARE_PRIVATE_EXTERN = YES;
				GCC_MODEL_TUNING = G5;
				GCC_NO_COMMON_BLOCKS = YES;
				GCC_WARN_64_TO_32_BIT_CONVERSION = YES;
				GCC_WARN_ABOUT_RETURN_TYPE = YES;
				GCC_WARN_CHECK_SWITCH_STATEMENTS = YES;
				GCC_WARN_MISSING_PARENTHESES = YES;
				GCC_WARN_NON_VIRTUAL_DESTRUCTOR = YES;
				GCC_WARN_TYPECHECK_CALLS_TO_PRINTF = YES;
				GCC_WARN_UNDECLARED_SELECTOR = YES;
				GCC_WARN_UNINITIALIZED_AUTOS = YES;
				GCC_WARN_UNUSED_FUNCTION = YES;
				GCC_WARN_UNUSED_VARIABLE = YES;
				ONLY_ACTIVE_ARCH = YES;
				PRODUCT_NAME = "DAFXBinauralPhaseVocoder";
				SDKROOT = macosx;
				WARNING_CFLAGS = "-Wreorder";
				ZERO_LINK = NO;
			};
			name = Debug;
		};
		655C4B3D87A6C0EEEF3E55B6 = {
			isa = XCBuildConfiguration;
			buildSettings = {
				ALWAYS_SEARCH_USER_PATHS = NO;
				CLANG_ENABLE_OBJC_WEAK = YES;
				CLANG_WARN_BLOCK_CAPTURE_AUTORELEASING = YES;
				CLANG_WARN_BOOL_CONVERSION = YES;
				CLANG_WARN_COMMA = YES;
				CLANG_WARN_CONSTANT_CONVERSION = YES;
				CLANG_WARN_DEPRECATED_OBJC_IMPLEMENTATIONS = YES;
				CLANG_WARN_EMPTY_BODY = YES;
				CLANG_WARN_ENUM_CONVERSION = YES;
				CLANG_WARN_INFINITE_RECURSION = YES;
				CLANG_WARN_INT_CONVERSION = YES;
				CLANG_WARN_NON_LITERAL_NULL_CONVERSION = YES;
				CLANG_WARN_OBJC_IMPLICIT_RETAIN_SELF = YES;
				CLANG_WARN_OBJC_LITERAL_CONVERSION = YES;
				CLANG_WARN_RANGE_LOOP_ANALYSIS = YES;
				CLANG_WARN_STRICT_PROTOTYPES = YES;
				CLANG_WARN_SUSPICIOUS_MOVE = YES;
				CLANG_WARN_UNREACHABLE_CODE = YES;
				CLANG_WARN__DUPLICATE_METHOD_MATCH = YES;
				CODE_SIGN_IDENTITY = "";
				DEBUG_INFORMATION_FORMAT = dwarf;
				ENABLE_STRICT_OBJC_MSGSEND = YES;
				GCC_C_LANGUAGE_STANDARD = c11;
				GCC_INLINES_ARE_PRIVATE_EXTERN = YES;
				GCC_MODEL_TUNING = G5;
				GCC_NO_COMMON_BLOCKS = YES;
				GCC_WARN_64_TO_32_BIT_CONVERSION = YES;
				GCC_WARN_ABOUT_RETURN_TYPE = YES;
				GCC_WARN_CHECK_SWITCH_STATEMENTS = YES;
				GCC_WARN_MISSING_PARENTHESES = YES;
				GCC_WARN_NON_VIRTUAL_DESTRUCTOR = YES;
				GCC_WARN_TYPECHECK_CALLS_TO_PRINTF = YES;
				GCC_WARN_UNDECLARED_SELECTOR = YES;
				GCC_WARN_UNINITIALIZED_AUTOS = YES;
				GCC_WARN_UNUSED_FUNCTION = YES;
				GCC_WARN_UNUSED_VARIABLE = YES;
				PRODUCT_NAME = "DAFXBinauralPhaseVocoder";
				SDKROOT = macosx;
				WARNING_CFLAGS = "-Wreorder";
				ZERO_LINK = NO;
			};
			name = Release;
		};
		763AE8A9540AAD6610CB276C = {
			isa = PBXTargetDependency;
			target = CF6B39173329C9F325487031;
		};
		85EE81DC638D78576826D871 = {
			isa = PBXTargetDependency;
			target = E4E1BC1E576F8303EF67B397;
		};
		3F659E213CDB0E5A97F25AAA = {
			isa = PBXTargetDependency;
			target = CDC5744765AA843F543284A7;
		};
		74B12F4A7960DC34B7E18B75 = {
			isa = PBXTargetDependency;
			target = 79287FF3418F184D75ADEAFD;
		};
		5C41A6CD0702CCBFB55C1C4D = {
			isa = XCConfigurationList;
			buildConfigurations = (
				732F5CC6175BAECDD5445BCD,
				655C4B3D87A6C0EEEF3E55B6,
			);
			defaultConfigurationIsVisible = 0;
			defaultConfigurationName = Debug;
		};
		C26184BC8021C1407DCE2FC3 = {
			isa = XCConfigurationList;
			buildConfigurations = (
				169263C811652EBE69E205D8,
				2F3F85975D6AF0F3BA179259,
			);
			defaultConfigurationIsVisible = 0;
			defaultConfigurationName = Debug;
		};
		FB34FEDB45B9D5810D523206 = {
			isa = PBXAggregateTarget;
			buildConfigurationList = C26184BC8021C1407DCE2FC3;
			buildPhases = ( );
			buildRules = ( );
			dependencies = (
				763AE8A9540AAD6610CB276C,
				85EE81DC638D78576826D871,
				3F659E213CDB0E5A97F25AAA,
				74B12F4A7960DC34B7E18B75,
			);
			name = "DAFXBinauralPhaseVocoder - All";
			productName = DAFXBinauralPhaseVocoder;
		};
		69FE541F1C7F6DB81834DB31 = {
			isa = XCConfigurationList;
			buildConfigurations = (
				A37FF22EB47E9019ABE23B12,
				D37B5247D8CA4B85EC165710,
			);
			defaultConfigurationIsVisible = 0;
			defaultConfigurationName = Debug;
		};
		F1CADA6AEEE8457342EAC6BC = {
			isa = PBXResourcesBuildPhase;
			buildActionMask = 2147483647;
			files = (
				D5AF6770D3D11099EEAE9C81,
			);
			runOnlyForDeploymentPostprocessing = 0;
		};
		85042E12558DB1EE2E8B94D9 = {
			isa = PBXSourcesBuildPhase;
			buildActionMask = 2147483647;
			files = (
				53E303F4DE725A90D977155B,
			);
			runOnlyForDeploymentPostprocessing = 0;
		};
		1022363965AA5164C0143B73 = {
			isa = PBXFrameworksBuildPhase;
			buildActionMask = 2147483647;
			files = (
				251FFD70B03D36073698C042,
				1496672DF262C6A6B2F1EDAB,
				DC234C8DDAB79E6F315374C2,
				EEC6E8851F4661AC28C9F2AE,
				05AB5C3170701B64BC5A0745,
				E20D9DE2A5850EFD557A5647,
				40266106C0B6F0E314128251,
				DE3D4DE79179DA9933B7F119,
				44FE15B6103D3E572AB182AF,
				0EA1D40B1052CDA30E01BD84,
				A45E9FD808367E9704B2C447,
				65364E045C68A141BC793F5C,
			);
			runOnlyForDeploymentPostprocessing = 0;
		};
		CF6B39173329C9F325487031 = {
			isa = PBXNativeTarget;
			buildConfigurationList = 69FE541F1C7F6DB81834DB31;
			buildPhases = (
				F1CADA6AEEE8457342EAC6BC,
				85042E12558DB1EE2E8B94D9,
				1022363965AA5164C0143B73,
			);
			buildRules = ( );
			dependencies = (
				74B12F4A7960DC34B7E18B75,
			);
			name = "DAFXBinauralPhaseVocoder - VST3";
			productName = DAFXBinauralPhaseVocoder;
			productReference = 744175FEAFFCAFC1D9E95056;
			productType = "com.apple.product-type.bundle";
		};
		457A474BA8766103F970DB9A = {
			isa = XCConfigurationList;
			buildConfigurations = (
				F12C1E2E228B3C15310E551E,
				961B302765348383AE54F912,
			);
			defaultConfigurationIsVisible = 0;
			defaultConfigurationName = Debug;
		};
		75DECEF9D50DC050DAD6C7BD = {
			isa = PBXResourcesBuildPhase;
			buildActionMask = 2147483647;
			files = (
				D5AF6770D3D11099EEAE9C81,
			);
			runOnlyForDeploymentPostprocessing = 0;
		};
		F2FCD5F5251BA4ED504CA04A = {
			isa = PBXRezBuildPhase;
			buildActionMask = 2147483647;
			files = (
				4AFAED01192B9F29905B9306,
			);
			runOnlyForDeploymentPostprocessing = 0;
		};
		FB0E85D1180C75B34634895C = {
			isa = PBXSourcesBuildPhase;
			buildActionMask = 2147483647;
			files = (
				B927AE6707285FA13639D396,
				56F492D3A21B81C5F6B18784,
			);
			runOnlyForDeploymentPostprocessing = 0;
		};
		18B2C3CD791917C6FBBFBCC6 = {
			isa = PBXFrameworksBuildPhase;
			buildActionMask = 2147483647;
			files = (
				2D2CEFA3395F9BA3D133365D,
				251FFD70B03D36073698C042,
				1496672DF262C6A6B2F1EDAB,
				DC234C8DDAB79E6F315374C2,
				EEC6E8851F4661AC28C9F2AE,
				05AB5C3170701B64BC5A0745,
				E20D9DE2A5850EFD557A5647,
				40266106C0B6F0E314128251,
				DE3D4DE79179DA9933B7F119,
				44FE15B6103D3E572AB182AF,
				0EA1D40B1052CDA30E01BD84,
				A45E9FD808367E9704B2C447,
				65364E045C68A141BC793F5C,
			);
			runOnlyForDeploymentPostprocessing = 0;
		};
		E4E1BC1E576F8303EF67B397 = {
			isa = PBXNativeTarget;
			buildConfigurationList = 457A474BA8766103F970DB9A;
			buildPhases = (
				75DECEF9D50DC050DAD6C7BD,
				F2FCD5F5251BA4ED504CA04A,
				FB0E85D1180C75B34634895C,
				18B2C3CD791917C6FBBFBCC6,
			);
			buildRules = ( );
			dependencies = (
				74B12F4A7960DC34B7E18B75,
			);
			name = "DAFXBinauralPhaseVocoder - AU";
			productName = DAFXBinauralPhaseVocoder;
			productReference = 0D60E334C239C2E6E71FA16A;
			productType = "com.apple.product-type.bundle";
		};
		FC7AC0DDBF38A48F4D8E912D = {
			isa = XCConfigurationList;
			buildConfigurations = (
				171B846CDCF7585ADD6A2D56,
				E42FBA82562B608D52C34A17,
			);
			defaultConfigurationIsVisible = 0;
			defaultConfigurationName = Debug;
		};
		49FF6EA3C9286E09ECE6192B = {
			isa = PBXResourcesBuildPhase;
			buildActionMask = 2147483647;
			files = (
				D5AF6770D3D11099EEAE9C81,
			);
			runOnlyForDeploymentPostprocessing = 0;
		};
		9AB2B68B63D2B9BA65007342 = {
			isa = PBXSourcesBuildPhase;
			buildActionMask = 2147483647;
			files = (
				FE02D9E6048C6C631B4048CA,
			);
			runOnlyForDeploymentPostprocessing = 0;
		};
		870ECD9D11D399CAA24C47A4 = {
			isa = PBXFrameworksBuildPhase;
			buildActionMask = 2147483647;
			files = (
				251FFD70B03D36073698C042,
				1496672DF262C6A6B2F1EDAB,
				DC234C8DDAB79E6F315374C2,
				EEC6E8851F4661AC28C9F2AE,
				05AB5C3170701B64BC5A0745,
				E20D9DE2A5850EFD557A5647,
				40266106C0B6F0E314128251,
				DE3D4DE79179DA9933B7F119,
				44FE15B6103D3E572AB182AF,
				0EA1D40B1052CDA30E01BD84,
				A45E9FD808367E9704B2C447,
				65364E045C68A141BC793F5C,
			);
			runOnlyForDeploymentPostprocessing = 0;
		};
		CDC5744765AA843F543284A7 = {
			isa = PBXNativeTarget;
			buildConfigurationList = FC7AC0DDBF38A48F4D8E912D;
			buildPhases = (
				49FF6EA3C9286E09ECE6192B,
				9AB2B68B63D2B9BA65007342,
				870ECD9D11D399CAA24C47A4,
			);
			buildRules = ( );
			dependencies = (
				74B12F4A7960DC34B7E18B75,
			);
			name = "DAFXBinauralPhaseVocoder - Standalone Plugin";
			productName = DAFXBinauralPhaseVocoder;
			productReference = AAA796F4B8245068D7020327;
			productType = "com.apple.product-type.application";
		};
		EE25196C091C4645F7A5BAFF = {
			isa = XCConfigurationList;
			buildConfigurations = (
				6AC42BA18D616407462BB0F3,
				B8613E0A007320FF36D5034A,
			);
			defaultConfigurationIsVisible = 0;
			defaultConfigurationName = Debug;
		};
		B6586395423BD82AFEB1118F = {
			isa = PBXSourcesBuildPhase;
			buildActionMask = 2147483647;
			files = (
				37C7822D9CE30AE84B230B1C,
				BB43FEDCDB6B6020BFAA1352,
				D4D18A4D793EE6C22C319A7A,
				1FDE52258D6888569C4202EC,
				FF7D7932DB7F02022D71976A,
				72A34217AAC9D7AF8074BB28,
				50414CEE4BFCB7B5D120B6E7,
				FBC80F049ED1AC46FC06E007,
				D02AEAC1CA53D4B40DCDA55C,
				882E8927C8A177A0A2B424A0,
				E6207BE6311D28D79B27BEAC,
				4944DC6FD34A286E3FCF2EF6,
				7A47D06764300E6E440E19B6,
				5B8891DFB1FC8181F0F9E98B,
				B3408DE9B256123D05E8332B,
				6A7F23BEC288A1807FBC36FB,
				A7D5303993B85B3C34B98B89,
				AE224366F0AAC50723B217EE,
				F1810D6A8848626BA94EC996,
				987F7CA343B869E4054BA187,
				9258EF2B9317A239FBF2351E,
				74EC27F9DFE3A77A651A3069,
			);
			runOnlyForDeploymentPostprocessing = 0;
		};
		79287FF3418F184D75ADEAFD = {
			isa = PBXNativeTarget;
			buildConfigurationList = EE25196C091C4645F7A5BAFF;
			buildPhases = (
				B6586395423BD82AFEB1118F,
			);
			buildRules = ( );
			dependencies = ( );
			name = "DAFXBinauralPhaseVocoder - Shared Code";
			productName = DAFXBinauralPhaseVocoder;
			productReference = 60AEDDE55EF20E1B894B8ABE;
			productType = "com.apple.product-type.library.static";
		};
		4588B8A98DF79E9E96EF4C68 = {
			isa = PBXProject;
			buildConfigurationList = 5C41A6CD0702CCBFB55C1C4D;
			attributes = { LastUpgradeCheck = 1100; ORGANIZATIONNAME = ""; TargetAttributes = { FB34FEDB45B9D5810D523206 = { SystemCapabilities = {com.apple.ApplicationGroups.iOS = { enabled = 0; }; com.apple.InAppPurchase = { enabled = 0; }; com.apple.InterAppAudio = { enabled = 0; }; com.apple.Push = { enabled = 0; }; com.apple.Sandbox = { enabled = 0; }; com.apple.HardenedRuntime = { enabled = 0; }; }; };CF6B39173329C9F325487031 = { SystemCapabilities = {com.apple.ApplicationGroups.iOS = { enabled = 0; }; com.apple.InAppPurchase = { enabled = 0; }; com.apple.InterAppAudio = { enabled = 0; }; com.apple.Push = { enabled = 0; }; com.apple.Sandbox = { enabled = 0; }; com.apple.HardenedRuntime = { enabled = 0; }; }; };E4E1BC1E576F8303EF67B397 = { SystemCapabilities = {com.apple.ApplicationGroups.iOS = { enabled = 0; }; com.apple.InAppPurchase = { enabled = 0; }; com.apple.InterAppAudio = { enabled = 0; }; com.apple.Push = { enabled = 0; }; com.apple.Sandbox = { enabled = 0; }; com.apple.HardenedRuntime = { enabled = 0; }; }; };CDC5744765AA843F543284A7 = { SystemCapabilities = {com.apple.ApplicationGroups.iOS = { enabled = 0; }; com.apple.InAppPurchase = { enabled = 0; }; com.apple.InterAppAudio = { enabled = 0; }; com.apple.Push = { enabled = 0; }; com.apple.Sandbox = { enabled = 0; }; com.apple.HardenedRuntime = { enabled = 0; }; }; };79287FF3418F184D75ADEAFD = { SystemCapabilities = {com.apple.ApplicationGroups.iOS = { enabled = 0; }; com.apple.InAppPurchase = { enabled = 0; }; com.apple.InterAppAudio = { enabled = 0; }; com.apple.Push = { enabled = 0; }; com.apple.Sandbox = { enabled = 0; }; com.apple.HardenedRuntime = { enabled = 0; }; }; }; }; };
			compatibilityVersion = "Xcode 3.2";
			hasScannedForEncodings = 0;
			mainGroup = DD8C5947DF731E58CCF390CF;
			projectDirPath = "";
			projectRoot = "";
			targets = (FB34FEDB45B9D5810D523206, CF6B39173329C9F325487031, E4E1BC1E576F8303EF67B397, CDC5744765AA843F543284A7, 79287FF3418F184D75ADEAFD);
			knownRegions = (en, Base);
		};
	};
	rootObject = 4588B8A98DF79E9E96EF4C68;
}
